
Microsoft Visual Studio Solution File, Format Version 12.00
# Visual Studio 15
VisualStudioVersion = 15.0.28307.136
MinimumVisualStudioVersion = 10.0.40219.1
Project("{FAE04EC0-301F-11D3-BF4B-00C04F79EFBC}") = "RectangleCalculator", "RectangleCalculator\RectangleCalculator.csproj", "{AE4E92A0-21F0-434B-87A7-D6C00D3C7261}"
EndProject
Global
	GlobalSection(SolutionConfigurationPlatforms) = preSolution
		Debug|Any CPU = Debug|Any CPU
		Release|Any CPU = Release|Any CPU
	EndGlobalSection
	GlobalSection(ProjectConfigurationPlatforms) = postSolution
		{AE4E92A0-21F0-434B-87A7-D6C00D3C7261}.Debug|Any CPU.ActiveCfg = Debug|Any CPU
		{AE4E92A0-21F0-434B-87A7-D6C00D3C7261}.Debug|Any CPU.Build.0 = Debug|Any CPU
		{AE4E92A0-21F0-434B-87A7-D6C00D3C7261}.Release|Any CPU.ActiveCfg = Release|Any CPU
		{AE4E92A0-21F0-434B-87A7-D6C00D3C7261}.Release|Any CPU.Build.0 = Release|Any CPU
	EndGlobalSection
	GlobalSection(SolutionProperties) = preSolution
		HideSolutionNode = FALSE
	EndGlobalSection
	GlobalSection(ExtensibilityGlobals) = postSolution
		SolutionGuid = {DBA27B78-88EA-42EB-9AA7-577EB828E82C}
	EndGlobalSection
EndGlobal
